
Microsoft Visual Studio Solution File, Format Version 12.00
# Visual Studio Version 17
VisualStudioVersion = 17.5.33627.172
MinimumVisualStudioVersion = 10.0.40219.1
Project("{9A19103F-16F7-4668-BE54-9A1E7A4F7556}") = "ApplicationOne", "ApplicationOne\ApplicationOne.csproj", "{AA0662E9-7AF6-456C-B1D6-3B159EF65517}"
EndProject
Project("{FAE04EC0-301F-11D3-BF4B-00C04F79EFBC}") = "ApplicationTwo", "ApplicationTwo\ApplicationTwo.csproj", "{09276E17-1650-479B-A94C-B886E6A4A7A6}"
EndProject
Project("{2150E333-8FDC-42A3-9474-1A3956D46DE8}") = "Solution Items", "Solution Items", "{9DA626BD-1970-4278-B9A6-69D71104F83D}"
	ProjectSection(SolutionItems) = preProject
		docker-compose.yaml = docker-compose.yaml
	EndProjectSection
EndProject
Global
	GlobalSection(SolutionConfigurationPlatforms) = preSolution
		Debug|Any CPU = Debug|Any CPU
		Release|Any CPU = Release|Any CPU
	EndGlobalSection
	GlobalSection(ProjectConfigurationPlatforms) = postSolution
		{AA0662E9-7AF6-456C-B1D6-3B159EF65517}.Debug|Any CPU.ActiveCfg = Debug|Any CPU
		{AA0662E9-7AF6-456C-B1D6-3B159EF65517}.Debug|Any CPU.Build.0 = Debug|Any CPU
		{AA0662E9-7AF6-456C-B1D6-3B159EF65517}.Release|Any CPU.ActiveCfg = Release|Any CPU
		{AA0662E9-7AF6-456C-B1D6-3B159EF65517}.Release|Any CPU.Build.0 = Release|Any CPU
		{09276E17-1650-479B-A94C-B886E6A4A7A6}.Debug|Any CPU.ActiveCfg = Debug|Any CPU
		{09276E17-1650-479B-A94C-B886E6A4A7A6}.Debug|Any CPU.Build.0 = Debug|Any CPU
		{09276E17-1650-479B-A94C-B886E6A4A7A6}.Release|Any CPU.ActiveCfg = Release|Any CPU
		{09276E17-1650-479B-A94C-B886E6A4A7A6}.Release|Any CPU.Build.0 = Release|Any CPU
	EndGlobalSection
	GlobalSection(SolutionProperties) = preSolution
		HideSolutionNode = FALSE
	EndGlobalSection
	GlobalSection(ExtensibilityGlobals) = postSolution
		SolutionGuid = {7F6FA5D8-2C34-4621-B61F-B46F1378B1D1}
	EndGlobalSection
EndGlobal
